
Microsoft Visual Studio Solution File, Format Version 12.00
# Visual Studio Version 17
VisualStudioVersion = 17.2.32526.322
MinimumVisualStudioVersion = 10.0.40219.1
Project("{2150E333-8FDC-42A3-9474-1A3956D46DE8}") = "Seminari", "Seminari", "{5948DDA6-FBFE-4173-8F94-5C7562C7B6CE}"
EndProject
Project("{2150E333-8FDC-42A3-9474-1A3956D46DE8}") = "HomeWork", "HomeWork", "{6E642703-54DC-467D-975B-2E6B20C136FC}"
EndProject
Project("{9A19103F-16F7-4668-BE54-9A1E7A4F7556}") = "HomeWork_4", "HomeWork\HomeWork_4\HomeWork_4.csproj", "{CEC1CB6A-EA1C-4BB1-B3C4-390129AA4E31}"
EndProject
Project("{9A19103F-16F7-4668-BE54-9A1E7A4F7556}") = "HomeWork_5", "HomeWork\HomeWork_5\HomeWork_5.csproj", "{E6E65B81-3698-4319-93EB-B07715D76FBD}"
EndProject
Project("{9A19103F-16F7-4668-BE54-9A1E7A4F7556}") = "seminar_2", "Seminari\seminar_2\seminar_2.csproj", "{FAB8FD9A-8699-4A3D-942E-F319958F0A17}"
EndProject
Project("{9A19103F-16F7-4668-BE54-9A1E7A4F7556}") = "seminar_5", "Seminari\seminar_5\seminar_5.csproj", "{D3FC5C57-0D90-4835-99F1-99E2575696CD}"
EndProject
Project("{9A19103F-16F7-4668-BE54-9A1E7A4F7556}") = "seminar_6", "Seminari\seminar_6\seminar_6.csproj", "{0CEBA54F-5882-4C62-933E-65EB7D966114}"
EndProject
Project("{9A19103F-16F7-4668-BE54-9A1E7A4F7556}") = "seminar_3", "Seminari\seminar_3\seminar_3\seminar_3.csproj", "{00A8F04F-384E-43CB-AECE-7895426D5BF4}"
EndProject
Project("{9A19103F-16F7-4668-BE54-9A1E7A4F7556}") = "seminar_4", "Seminari\seminar_4\seminar_4\seminar_4.csproj", "{7B5D1108-5305-4D4D-8C72-D68EC609CBF3}"
EndProject
Project("{9A19103F-16F7-4668-BE54-9A1E7A4F7556}") = "HomeWork_3", "HomeWork\HomeWork_3\HomeWork_3\HomeWork_3.csproj", "{F3FC72D8-AA98-442F-B972-052290CF03BE}"
EndProject
Project("{9A19103F-16F7-4668-BE54-9A1E7A4F7556}") = "HomeWork_6", "HomeWork\HomeWork_6\HomeWork_6\HomeWork_6.csproj", "{AE3B7F1B-0386-4768-B01A-F5F86A16E27E}"
EndProject
Project("{9A19103F-16F7-4668-BE54-9A1E7A4F7556}") = "HomeWork_7", "HomeWork\HomeWork_7\HomeWork_7\HomeWork_7.csproj", "{CC7E0F4B-2F89-4B34-A2DB-69550093151E}"
EndProject
Project("{9A19103F-16F7-4668-BE54-9A1E7A4F7556}") = "HomeWork_8", "HomeWork\HomeWork_8\HomeWork_8\HomeWork_8.csproj", "{23D8F8C5-96F5-4700-B4C0-1BF1F0011E3E}"
EndProject
Project("{9A19103F-16F7-4668-BE54-9A1E7A4F7556}") = "HomeWork_9", "HomeWork\HomeWork_9\HomeWork_9\HomeWork_9.csproj", "{32B7D739-3310-4CDC-9903-4C8C1EFE3D10}"
EndProject
Project("{9A19103F-16F7-4668-BE54-9A1E7A4F7556}") = "seminar_8", "Seminari\seminar_8\seminar_8\seminar_8.csproj", "{20D1C7EC-F25D-4BF1-8C9C-0591181CE7C1}"
EndProject
Project("{9A19103F-16F7-4668-BE54-9A1E7A4F7556}") = "seminar_9", "Seminari\seminar_9\seminar_9\seminar_9.csproj", "{43E8B4B7-BA6F-4899-8D73-39F916DA123E}"
EndProject
Project("{2150E333-8FDC-42A3-9474-1A3956D46DE8}") = "Common", "Common", "{2F1B9775-B20F-478D-9AA8-F5442F71B595}"
EndProject
Project("{9A19103F-16F7-4668-BE54-9A1E7A4F7556}") = "Utils", "Utils\Utils.csproj", "{8B87F888-2EA8-4DD1-A1E9-8E69CE1BDF82}"
EndProject
Project("{FAE04EC0-301F-11D3-BF4B-00C04F79EFBC}") = "seminar_7", "Seminari\seminar_7\seminar_7\seminar_7.csproj", "{ADA80769-5C95-41AC-B2B6-920D95BFB6ED}"
EndProject
Global
	GlobalSection(SolutionConfigurationPlatforms) = preSolution
		Debug|Any CPU = Debug|Any CPU
		Release|Any CPU = Release|Any CPU
	EndGlobalSection
	GlobalSection(ProjectConfigurationPlatforms) = postSolution
		{CEC1CB6A-EA1C-4BB1-B3C4-390129AA4E31}.Debug|Any CPU.ActiveCfg = Debug|Any CPU
		{CEC1CB6A-EA1C-4BB1-B3C4-390129AA4E31}.Debug|Any CPU.Build.0 = Debug|Any CPU
		{CEC1CB6A-EA1C-4BB1-B3C4-390129AA4E31}.Release|Any CPU.ActiveCfg = Release|Any CPU
		{CEC1CB6A-EA1C-4BB1-B3C4-390129AA4E31}.Release|Any CPU.Build.0 = Release|Any CPU
		{E6E65B81-3698-4319-93EB-B07715D76FBD}.Debug|Any CPU.ActiveCfg = Debug|Any CPU
		{E6E65B81-3698-4319-93EB-B07715D76FBD}.Debug|Any CPU.Build.0 = Debug|Any CPU
		{E6E65B81-3698-4319-93EB-B07715D76FBD}.Release|Any CPU.ActiveCfg = Release|Any CPU
		{E6E65B81-3698-4319-93EB-B07715D76FBD}.Release|Any CPU.Build.0 = Release|Any CPU
		{FAB8FD9A-8699-4A3D-942E-F319958F0A17}.Debug|Any CPU.ActiveCfg = Debug|Any CPU
		{FAB8FD9A-8699-4A3D-942E-F319958F0A17}.Debug|Any CPU.Build.0 = Debug|Any CPU
		{FAB8FD9A-8699-4A3D-942E-F319958F0A17}.Release|Any CPU.ActiveCfg = Release|Any CPU
		{FAB8FD9A-8699-4A3D-942E-F319958F0A17}.Release|Any CPU.Build.0 = Release|Any CPU
		{D3FC5C57-0D90-4835-99F1-99E2575696CD}.Debug|Any CPU.ActiveCfg = Debug|Any CPU
		{D3FC5C57-0D90-4835-99F1-99E2575696CD}.Debug|Any CPU.Build.0 = Debug|Any CPU
		{D3FC5C57-0D90-4835-99F1-99E2575696CD}.Release|Any CPU.ActiveCfg = Release|Any CPU
		{D3FC5C57-0D90-4835-99F1-99E2575696CD}.Release|Any CPU.Build.0 = Release|Any CPU
		{0CEBA54F-5882-4C62-933E-65EB7D966114}.Debug|Any CPU.ActiveCfg = Debug|Any CPU
		{0CEBA54F-5882-4C62-933E-65EB7D966114}.Debug|Any CPU.Build.0 = Debug|Any CPU
		{0CEBA54F-5882-4C62-933E-65EB7D966114}.Release|Any CPU.ActiveCfg = Release|Any CPU
		{0CEBA54F-5882-4C62-933E-65EB7D966114}.Release|Any CPU.Build.0 = Release|Any CPU
		{00A8F04F-384E-43CB-AECE-7895426D5BF4}.Debug|Any CPU.ActiveCfg = Debug|Any CPU
		{00A8F04F-384E-43CB-AECE-7895426D5BF4}.Debug|Any CPU.Build.0 = Debug|Any CPU
		{00A8F04F-384E-43CB-AECE-7895426D5BF4}.Release|Any CPU.ActiveCfg = Release|Any CPU
		{00A8F04F-384E-43CB-AECE-7895426D5BF4}.Release|Any CPU.Build.0 = Release|Any CPU
		{7B5D1108-5305-4D4D-8C72-D68EC609CBF3}.Debug|Any CPU.ActiveCfg = Debug|Any CPU
		{7B5D1108-5305-4D4D-8C72-D68EC609CBF3}.Debug|Any CPU.Build.0 = Debug|Any CPU
		{7B5D1108-5305-4D4D-8C72-D68EC609CBF3}.Release|Any CPU.ActiveCfg = Release|Any CPU
		{7B5D1108-5305-4D4D-8C72-D68EC609CBF3}.Release|Any CPU.Build.0 = Release|Any CPU
		{F3FC72D8-AA98-442F-B972-052290CF03BE}.Debug|Any CPU.ActiveCfg = Debug|Any CPU
		{F3FC72D8-AA98-442F-B972-052290CF03BE}.Debug|Any CPU.Build.0 = Debug|Any CPU
		{F3FC72D8-AA98-442F-B972-052290CF03BE}.Release|Any CPU.ActiveCfg = Release|Any CPU
		{F3FC72D8-AA98-442F-B972-052290CF03BE}.Release|Any CPU.Build.0 = Release|Any CPU
		{AE3B7F1B-0386-4768-B01A-F5F86A16E27E}.Debug|Any CPU.ActiveCfg = Debug|Any CPU
		{AE3B7F1B-0386-4768-B01A-F5F86A16E27E}.Debug|Any CPU.Build.0 = Debug|Any CPU
		{AE3B7F1B-0386-4768-B01A-F5F86A16E27E}.Release|Any CPU.ActiveCfg = Release|Any CPU
		{AE3B7F1B-0386-4768-B01A-F5F86A16E27E}.Release|Any CPU.Build.0 = Release|Any CPU
		{CC7E0F4B-2F89-4B34-A2DB-69550093151E}.Debug|Any CPU.ActiveCfg = Debug|Any CPU
		{CC7E0F4B-2F89-4B34-A2DB-69550093151E}.Debug|Any CPU.Build.0 = Debug|Any CPU
		{CC7E0F4B-2F89-4B34-A2DB-69550093151E}.Release|Any CPU.ActiveCfg = Release|Any CPU
		{CC7E0F4B-2F89-4B34-A2DB-69550093151E}.Release|Any CPU.Build.0 = Release|Any CPU
		{23D8F8C5-96F5-4700-B4C0-1BF1F0011E3E}.Debug|Any CPU.ActiveCfg = Debug|Any CPU
		{23D8F8C5-96F5-4700-B4C0-1BF1F0011E3E}.Debug|Any CPU.Build.0 = Debug|Any CPU
		{23D8F8C5-96F5-4700-B4C0-1BF1F0011E3E}.Release|Any CPU.ActiveCfg = Release|Any CPU
		{23D8F8C5-96F5-4700-B4C0-1BF1F0011E3E}.Release|Any CPU.Build.0 = Release|Any CPU
		{32B7D739-3310-4CDC-9903-4C8C1EFE3D10}.Debug|Any CPU.ActiveCfg = Debug|Any CPU
		{32B7D739-3310-4CDC-9903-4C8C1EFE3D10}.Debug|Any CPU.Build.0 = Debug|Any CPU
		{32B7D739-3310-4CDC-9903-4C8C1EFE3D10}.Release|Any CPU.ActiveCfg = Release|Any CPU
		{32B7D739-3310-4CDC-9903-4C8C1EFE3D10}.Release|Any CPU.Build.0 = Release|Any CPU
		{20D1C7EC-F25D-4BF1-8C9C-0591181CE7C1}.Debug|Any CPU.ActiveCfg = Debug|Any CPU
		{20D1C7EC-F25D-4BF1-8C9C-0591181CE7C1}.Debug|Any CPU.Build.0 = Debug|Any CPU
		{20D1C7EC-F25D-4BF1-8C9C-0591181CE7C1}.Release|Any CPU.ActiveCfg = Release|Any CPU
		{20D1C7EC-F25D-4BF1-8C9C-0591181CE7C1}.Release|Any CPU.Build.0 = Release|Any CPU
		{43E8B4B7-BA6F-4899-8D73-39F916DA123E}.Debug|Any CPU.ActiveCfg = Debug|Any CPU
		{43E8B4B7-BA6F-4899-8D73-39F916DA123E}.Debug|Any CPU.Build.0 = Debug|Any CPU
		{43E8B4B7-BA6F-4899-8D73-39F916DA123E}.Release|Any CPU.ActiveCfg = Release|Any CPU
		{43E8B4B7-BA6F-4899-8D73-39F916DA123E}.Release|Any CPU.Build.0 = Release|Any CPU
		{8B87F888-2EA8-4DD1-A1E9-8E69CE1BDF82}.Debug|Any CPU.ActiveCfg = Debug|Any CPU
		{8B87F888-2EA8-4DD1-A1E9-8E69CE1BDF82}.Debug|Any CPU.Build.0 = Debug|Any CPU
		{8B87F888-2EA8-4DD1-A1E9-8E69CE1BDF82}.Release|Any CPU.ActiveCfg = Release|Any CPU
		{8B87F888-2EA8-4DD1-A1E9-8E69CE1BDF82}.Release|Any CPU.Build.0 = Release|Any CPU
		{ADA80769-5C95-41AC-B2B6-920D95BFB6ED}.Debug|Any CPU.ActiveCfg = Debug|Any CPU
		{ADA80769-5C95-41AC-B2B6-920D95BFB6ED}.Debug|Any CPU.Build.0 = Debug|Any CPU
		{ADA80769-5C95-41AC-B2B6-920D95BFB6ED}.Release|Any CPU.ActiveCfg = Release|Any CPU
		{ADA80769-5C95-41AC-B2B6-920D95BFB6ED}.Release|Any CPU.Build.0 = Release|Any CPU
	EndGlobalSection
	GlobalSection(SolutionProperties) = preSolution
		HideSolutionNode = FALSE
	EndGlobalSection
	GlobalSection(NestedProjects) = preSolution
		{CEC1CB6A-EA1C-4BB1-B3C4-390129AA4E31} = {6E642703-54DC-467D-975B-2E6B20C136FC}
		{E6E65B81-3698-4319-93EB-B07715D76FBD} = {6E642703-54DC-467D-975B-2E6B20C136FC}
		{FAB8FD9A-8699-4A3D-942E-F319958F0A17} = {5948DDA6-FBFE-4173-8F94-5C7562C7B6CE}
		{D3FC5C57-0D90-4835-99F1-99E2575696CD} = {5948DDA6-FBFE-4173-8F94-5C7562C7B6CE}
		{0CEBA54F-5882-4C62-933E-65EB7D966114} = {5948DDA6-FBFE-4173-8F94-5C7562C7B6CE}
		{00A8F04F-384E-43CB-AECE-7895426D5BF4} = {5948DDA6-FBFE-4173-8F94-5C7562C7B6CE}
		{7B5D1108-5305-4D4D-8C72-D68EC609CBF3} = {5948DDA6-FBFE-4173-8F94-5C7562C7B6CE}
		{F3FC72D8-AA98-442F-B972-052290CF03BE} = {6E642703-54DC-467D-975B-2E6B20C136FC}
		{AE3B7F1B-0386-4768-B01A-F5F86A16E27E} = {6E642703-54DC-467D-975B-2E6B20C136FC}
		{CC7E0F4B-2F89-4B34-A2DB-69550093151E} = {6E642703-54DC-467D-975B-2E6B20C136FC}
		{23D8F8C5-96F5-4700-B4C0-1BF1F0011E3E} = {6E642703-54DC-467D-975B-2E6B20C136FC}
		{32B7D739-3310-4CDC-9903-4C8C1EFE3D10} = {6E642703-54DC-467D-975B-2E6B20C136FC}
		{20D1C7EC-F25D-4BF1-8C9C-0591181CE7C1} = {5948DDA6-FBFE-4173-8F94-5C7562C7B6CE}
		{43E8B4B7-BA6F-4899-8D73-39F916DA123E} = {5948DDA6-FBFE-4173-8F94-5C7562C7B6CE}
		{8B87F888-2EA8-4DD1-A1E9-8E69CE1BDF82} = {2F1B9775-B20F-478D-9AA8-F5442F71B595}
		{ADA80769-5C95-41AC-B2B6-920D95BFB6ED} = {5948DDA6-FBFE-4173-8F94-5C7562C7B6CE}
	EndGlobalSection
	GlobalSection(ExtensibilityGlobals) = postSolution
		SolutionGuid = {CDC726CF-8AF8-4FEA-8593-1EC9BBEFAC6E}
	EndGlobalSection
EndGlobal
